{
  "requires": true,
  "lockfileVersion": 1,
  "dependencies": {
    "smart-webcomponents": {
      "version": "11.0.0",
      "resolved": "https://registry.npmjs.org/smart-webcomponents/-/smart-webcomponents-11.0.0.tgz",
      "integrity": "sha512-e69tbFZcJSrFDw+5aPCl+UHHPvbxaQuLVgL6tl04+6DjsUG+p3gwPivy+h/MLi/TouoQ4sZXhDW4xc/glqJMHg=="
    }
  }
}
